# This file is autogenerated, do not edit; changes may be undone by the next 'dep ensure'.


[[projects]]
  digest = "1:0d5fdcd4a963f5486979d53d72c7d784ced34836e3eba766977962c1e630fedd"
  name = "github.com/cenkalti/backoff"
  packages = ["."]
  pruneopts = "UT"
  revision = "b02f2bbce11d7ea6b97f282ef1771b0fe2f65ef3"

[[projects]]
  digest = "1:a2cff208d4759f6ba1b1cd228587b0a1869f95f22542ec9cd17fff64430113c7"
  name = "github.com/jessevdk/go-flags"
  packages = ["."]
  pruneopts = "UT"
  revision = "c6ca198ec95c841fdb89fc0de7496fed11ab854e"
  version = "v1.4.0"

[[projects]]
  digest = "1:c3b0de6caf6049c904c0796477e3d17b39d0ec609e6adc8354d6dbe393667777"
  name = "github.com/zorkian/go-datadog-api"
  packages = ["."]
  pruneopts = "UT"
  revision = "05fc4ddce70eb5e917af1c4453fd50694ce10964"
  version = "v2.13.0"

[solve-meta]
  analyzer-name = "dep"
  analyzer-version = 1
  input-imports = [
    "github.com/jessevdk/go-flags",
    "github.com/zorkian/go-datadog-api",
  ]
  solver-name = "gps-cdcl"
  solver-version = 1
